# THIS IS AN AUTOGENERATED FILE. DO NOT EDIT THIS FILE DIRECTLY.
# yarn lockfile v1


curefit@^1.0.0:
  version "1.0.0"
  resolved "https://registry.yarnpkg.com/curefit/-/curefit-1.0.0.tgz#1b75712f78f28e658b47658c30ef4b8ebc1488b2"
  integrity sha512-tZN4r1PF1iLU9lghOEaHYJCBrpPGbyMV/2sqrgrWjhBvjR8Rez9l1jgLKq0fDmA7U7Ov1rcLCMLBtfqvsgbMVQ==
